
Microsoft Visual Studio Solution File, Format Version 11.00
# Visual Studio 2010
Project("{6989167D-11E4-40FE-8C1A-2192A86A7E90}") = "AerOpt_PhD", "AerOpt_PhD\AerOpt_PhD.vfproj", "{1FF345A7-53B2-45A3-BDC4-E217E47BCDC9}"
EndProject
Global
	GlobalSection(SolutionConfigurationPlatforms) = preSolution
		Debug|Win32 = Debug|Win32
		Release|Win32 = Release|Win32
	EndGlobalSection
	GlobalSection(ProjectConfigurationPlatforms) = postSolution
		{1FF345A7-53B2-45A3-BDC4-E217E47BCDC9}.Debug|Win32.ActiveCfg = Debug|Win32
		{1FF345A7-53B2-45A3-BDC4-E217E47BCDC9}.Debug|Win32.Build.0 = Debug|Win32
		{1FF345A7-53B2-45A3-BDC4-E217E47BCDC9}.Release|Win32.ActiveCfg = Release|Win32
		{1FF345A7-53B2-45A3-BDC4-E217E47BCDC9}.Release|Win32.Build.0 = Release|Win32
	EndGlobalSection
	GlobalSection(SolutionProperties) = preSolution
		HideSolutionNode = FALSE
	EndGlobalSection
EndGlobal
